
Microsoft Visual Studio Solution File, Format Version 12.00
# Visual Studio Version 17
VisualStudioVersion = 17.14.36221.1
MinimumVisualStudioVersion = 10.0.40219.1
Project("{2150E333-8FDC-42A3-9474-1A3956D46DE8}") = "2 - Core", "2 - Core", "{02EA681E-C7D8-13C7-8484-4AC65E1B71E8}"
EndProject
Project("{2150E333-8FDC-42A3-9474-1A3956D46DE8}") = "1 - Web", "1 - Web", "{FF72EE16-634C-42AA-A775-9FA30E39188A}"
EndProject
Project("{2150E333-8FDC-42A3-9474-1A3956D46DE8}") = "3 - Infra", "3 - Infra", "{3BC8F90A-00A6-4E1B-BCD1-4F93D88EB157}"
EndProject
Project("{2150E333-8FDC-42A3-9474-1A3956D46DE8}") = "4 - Shared", "4 - Shared", "{081ED45E-904F-4456-85B0-CE88629FFD47}"
EndProject
Project("{FAE04EC0-301F-11D3-BF4B-00C04F79EFBC}") = "OneID.Domain", "OneID.Domain\OneID.Domain.csproj", "{D9E06FC5-63AA-4BD0-9F0B-F1F8D82D9304}"
EndProject
Project("{FAE04EC0-301F-11D3-BF4B-00C04F79EFBC}") = "OneID.Application", "OneID.Application\OneID.Application.csproj", "{CEEE1015-16B8-4D03-826D-470C247EF342}"
EndProject
Project("{FAE04EC0-301F-11D3-BF4B-00C04F79EFBC}") = "OneID.Data", "OneID.Data\OneID.Data.csproj", "{BC7E479A-63CE-431D-8F43-BC40E17CA40B}"
EndProject
Project("{FAE04EC0-301F-11D3-BF4B-00C04F79EFBC}") = "OneID.Messaging", "OneID.Messaging\OneID.Messaging.csproj", "{C2F40B07-130B-422A-A492-4084F3F966C1}"
EndProject
Project("{FAE04EC0-301F-11D3-BF4B-00C04F79EFBC}") = "OneID.Api", "OneID.Api\OneID.Api.csproj", "{AB79E58D-7EA9-4885-B00B-CD9801393AD6}"
EndProject
Project("{FAE04EC0-301F-11D3-BF4B-00C04F79EFBC}") = "OneID.Shared", "OneID.Shared\OneID.Shared.csproj", "{16B5A874-DD2A-4BDF-A5F4-90BF8D64EDC6}"
EndProject
Global
	GlobalSection(SolutionConfigurationPlatforms) = preSolution
		Debug|Any CPU = Debug|Any CPU
		Release|Any CPU = Release|Any CPU
	EndGlobalSection
	GlobalSection(ProjectConfigurationPlatforms) = postSolution
		{D9E06FC5-63AA-4BD0-9F0B-F1F8D82D9304}.Debug|Any CPU.ActiveCfg = Debug|Any CPU
		{D9E06FC5-63AA-4BD0-9F0B-F1F8D82D9304}.Debug|Any CPU.Build.0 = Debug|Any CPU
		{D9E06FC5-63AA-4BD0-9F0B-F1F8D82D9304}.Release|Any CPU.ActiveCfg = Release|Any CPU
		{D9E06FC5-63AA-4BD0-9F0B-F1F8D82D9304}.Release|Any CPU.Build.0 = Release|Any CPU
		{CEEE1015-16B8-4D03-826D-470C247EF342}.Debug|Any CPU.ActiveCfg = Debug|Any CPU
		{CEEE1015-16B8-4D03-826D-470C247EF342}.Debug|Any CPU.Build.0 = Debug|Any CPU
		{CEEE1015-16B8-4D03-826D-470C247EF342}.Release|Any CPU.ActiveCfg = Release|Any CPU
		{CEEE1015-16B8-4D03-826D-470C247EF342}.Release|Any CPU.Build.0 = Release|Any CPU
		{BC7E479A-63CE-431D-8F43-BC40E17CA40B}.Debug|Any CPU.ActiveCfg = Debug|Any CPU
		{BC7E479A-63CE-431D-8F43-BC40E17CA40B}.Debug|Any CPU.Build.0 = Debug|Any CPU
		{BC7E479A-63CE-431D-8F43-BC40E17CA40B}.Release|Any CPU.ActiveCfg = Release|Any CPU
		{BC7E479A-63CE-431D-8F43-BC40E17CA40B}.Release|Any CPU.Build.0 = Release|Any CPU
		{C2F40B07-130B-422A-A492-4084F3F966C1}.Debug|Any CPU.ActiveCfg = Debug|Any CPU
		{C2F40B07-130B-422A-A492-4084F3F966C1}.Debug|Any CPU.Build.0 = Debug|Any CPU
		{C2F40B07-130B-422A-A492-4084F3F966C1}.Release|Any CPU.ActiveCfg = Release|Any CPU
		{C2F40B07-130B-422A-A492-4084F3F966C1}.Release|Any CPU.Build.0 = Release|Any CPU
		{AB79E58D-7EA9-4885-B00B-CD9801393AD6}.Debug|Any CPU.ActiveCfg = Debug|Any CPU
		{AB79E58D-7EA9-4885-B00B-CD9801393AD6}.Debug|Any CPU.Build.0 = Debug|Any CPU
		{AB79E58D-7EA9-4885-B00B-CD9801393AD6}.Release|Any CPU.ActiveCfg = Release|Any CPU
		{AB79E58D-7EA9-4885-B00B-CD9801393AD6}.Release|Any CPU.Build.0 = Release|Any CPU
		{16B5A874-DD2A-4BDF-A5F4-90BF8D64EDC6}.Debug|Any CPU.ActiveCfg = Debug|Any CPU
		{16B5A874-DD2A-4BDF-A5F4-90BF8D64EDC6}.Debug|Any CPU.Build.0 = Debug|Any CPU
		{16B5A874-DD2A-4BDF-A5F4-90BF8D64EDC6}.Release|Any CPU.ActiveCfg = Release|Any CPU
		{16B5A874-DD2A-4BDF-A5F4-90BF8D64EDC6}.Release|Any CPU.Build.0 = Release|Any CPU
	EndGlobalSection
	GlobalSection(SolutionProperties) = preSolution
		HideSolutionNode = FALSE
	EndGlobalSection
	GlobalSection(NestedProjects) = preSolution
		{D9E06FC5-63AA-4BD0-9F0B-F1F8D82D9304} = {02EA681E-C7D8-13C7-8484-4AC65E1B71E8}
		{CEEE1015-16B8-4D03-826D-470C247EF342} = {02EA681E-C7D8-13C7-8484-4AC65E1B71E8}
		{BC7E479A-63CE-431D-8F43-BC40E17CA40B} = {3BC8F90A-00A6-4E1B-BCD1-4F93D88EB157}
		{C2F40B07-130B-422A-A492-4084F3F966C1} = {3BC8F90A-00A6-4E1B-BCD1-4F93D88EB157}
		{AB79E58D-7EA9-4885-B00B-CD9801393AD6} = {FF72EE16-634C-42AA-A775-9FA30E39188A}
		{16B5A874-DD2A-4BDF-A5F4-90BF8D64EDC6} = {081ED45E-904F-4456-85B0-CE88629FFD47}
	EndGlobalSection
	GlobalSection(ExtensibilityGlobals) = postSolution
		SolutionGuid = {12094E69-E945-4B78-B196-E2D2FFB0673E}
	EndGlobalSection
EndGlobal
